lockfileVersion: 5.4

specifiers:
  '@connectrpc/connect-node': ^1.1.3
  '@effect/platform-node': ^0.31.9
  '@effect/schema': ^0.48.4
  '@substreams/core': ^0.6.2
  '@substreams/manifest': ^0.5.1
  '@substreams/node': ^0.3.0
  '@substreams/sink': ^0.6.0
  '@tsconfig/recommended': latest
  '@types/node': latest
  commander: latest
  dotenv: latest
  dotenv-cli: ^7.3.0
  effect: ^2.0.0-next.55
  esbuild: ^0.19.5
  fetch-retry: ^5.0.6
  node-fetch: ^3.3.2
  pg: ^8.7.3
  pg-cursor: ^2.10.3
  prom-client: latest
  tslog: latest
  typescript: latest
  zapatos: ^6.2.0
  zod: ^3.22.4

dependencies:
  '@connectrpc/connect-node': 1.1.3
  '@effect/platform-node': 0.31.9_ahljyljorygtkwayn2ohjn67ui
  '@effect/schema': 0.48.4_effect@2.0.0-next.56
  '@substreams/core': 0.6.2
  '@substreams/manifest': 0.5.1_ahljyljorygtkwayn2ohjn67ui
  '@substreams/node': 0.3.0
  '@substreams/sink': 0.6.0_effect@2.0.0-next.56
  commander: 11.1.0
  dotenv: 16.3.1
  effect: 2.0.0-next.56
  fetch-retry: 5.0.6
  node-fetch: 3.3.2
  pg: 8.11.3
  pg-cursor: 2.10.3_pg@8.11.3
  prom-client: 15.0.0
  tslog: 4.9.2
  zapatos: 6.2.0_pg@8.11.3+typescript@5.3.2
  zod: 3.22.4

devDependencies:
  '@tsconfig/recommended': 1.0.3
  '@types/node': 20.9.3
  dotenv-cli: 7.3.0
  esbuild: 0.19.7
  typescript: 5.3.2

packages:

  /@bufbuild/connect-node/0.13.0_@bufbuild+protobuf@1.4.2:
    resolution: {integrity: sha512-l9tYVWTD9qdVr3PD8iTLmJZoWQY4bYl4UXIyKqvNuqoaAm3pZZvrQXrz0ptS5NRWTVUKPV9DZp6Wbbch5/u55Q==}
    engines: {node: '>=16.0.0'}
    deprecated: Connect has moved to its own org @connectrpc and has a stable v1. Run `npx @connectrpc/connect-migrate@latest` to update. See https://github.com/connectrpc/connect-es/releases/tag/v0.13.1 for details.
    peerDependencies:
      '@bufbuild/protobuf': ^1.2.1
    dependencies:
      '@bufbuild/connect': 0.13.0_@bufbuild+protobuf@1.4.2
      '@bufbuild/protobuf': 1.4.2
      headers-polyfill: 3.3.0
    dev: false

  /@bufbuild/connect/0.12.0_@bufbuild+protobuf@1.4.2:
    resolution: {integrity: sha512-rYn3Akp7teOkvqxguLbf6QKizH37Yeo33lseV+JHDZC19CsAV9wrrZM17Sa+LNEBj/hrYtQF7EIcllgGxhv9aw==}
    deprecated: Connect has moved to its own org @connectrpc and has a stable v1. Run `npx @connectrpc/connect-migrate@latest` to update. See https://github.com/connectrpc/connect-es/releases/tag/v0.13.1 for details.
    peerDependencies:
      '@bufbuild/protobuf': ^1.2.1
    dependencies:
      '@bufbuild/protobuf': 1.4.2
    dev: false

  /@bufbuild/connect/0.13.0_@bufbuild+protobuf@1.4.2:
    resolution: {integrity: sha512-eZSMbVLyUFtXiZNORgCEvv580xKZeYQdMOWj2i/nxOcpXQcrEzTMTA7SZzWv4k4gveWCOSRoWmYDeOhfWXJv0g==}
    deprecated: Connect has moved to its own org @connectrpc and has a stable v1. Run `npx @connectrpc/connect-migrate@latest` to update. See https://github.com/connectrpc/connect-es/releases/tag/v0.13.1 for details.
    peerDependencies:
      '@bufbuild/protobuf': ^1.2.1
    dependencies:
      '@bufbuild/protobuf': 1.4.2
    dev: false

  /@bufbuild/protobuf/1.4.2:
    resolution: {integrity: sha512-JyEH8Z+OD5Sc2opSg86qMHn1EM1Sa+zj/Tc0ovxdwk56ByVNONJSabuCUbLQp+eKN3rWNfrho0X+3SEqEPXIow==}
    dev: false

  /@connectrpc/connect-node/1.1.3:
    resolution: {integrity: sha512-oq7Uk8XlLzC2+eHaxZTX189dhujD0/tK9plizxofsFHUnLquMSmzQQ2GzvTv4u6U05eZYc/crySmf86Sqpi1bA==}
    engines: {node: '>=16.0.0'}
    peerDependencies:
      '@bufbuild/protobuf': ^1.3.3
      '@connectrpc/connect': 1.1.3
    dependencies:
      undici: 5.27.2
    dev: false

  /@effect/platform-node/0.31.9_ahljyljorygtkwayn2ohjn67ui:
    resolution: {integrity: sha512-paV3NIOgkQVLrB6D+ChDNLppZzfPfInc6Hc/1bKRX53PF6jobq3+15MignbT765yPW/0Y2g0Eu1zNZBE5ouQbg==}
    peerDependencies:
      effect: 2.0.0-next.55
    dependencies:
      '@effect/platform': 0.30.6_ahljyljorygtkwayn2ohjn67ui
      effect: 2.0.0-next.56
      mime: 3.0.0
      multipasta: 0.1.19
    transitivePeerDependencies:
      - '@effect/schema'
    dev: false

  /@effect/platform/0.30.6_ahljyljorygtkwayn2ohjn67ui:
    resolution: {integrity: sha512-TJpE5BAaXhtV0qGcR9mvzuW3QsIPmzYoEAwhxmJyzefvlGyD9UC5KXzWwQeQW9J7yQ7/48J8feGTp5ZJAvUOFA==}
    peerDependencies:
      '@effect/schema': ^0.48.0
      effect: 2.0.0-next.55
    dependencies:
      '@effect/schema': 0.48.4_effect@2.0.0-next.56
      effect: 2.0.0-next.56
      find-my-way: 7.7.0
      multipasta: 0.1.19
      path-browserify: 1.0.1
    dev: false

  /@effect/schema/0.48.4_effect@2.0.0-next.56:
    resolution: {integrity: sha512-V+1eY8VvYuEZs+vU0JWPoh30gNdBtDnabOJrE2tNuoMKcw9LgjQFaPoVR4Jw7Swm0TmdfRHuIkhWjK4i7XyGiA==}
    peerDependencies:
      effect: 2.0.0-next.55
      fast-check: ^3.13.2
    dependencies:
      effect: 2.0.0-next.56
    dev: false

  /@esbuild/android-arm/0.19.7:
    resolution: {integrity: sha512-YGSPnndkcLo4PmVl2tKatEn+0mlVMr3yEpOOT0BeMria87PhvoJb5dg5f5Ft9fbCVgtAz4pWMzZVgSEGpDAlww==}
    engines: {node: '>=12'}
    cpu: [arm]
    os: [android]
    requiresBuild: true
    dev: true
    optional: true

  /@esbuild/android-arm64/0.19.7:
    resolution: {integrity: sha512-YEDcw5IT7hW3sFKZBkCAQaOCJQLONVcD4bOyTXMZz5fr66pTHnAet46XAtbXAkJRfIn2YVhdC6R9g4xa27jQ1w==}
    engines: {node: '>=12'}
    cpu: [arm64]
    os: [android]
    requiresBuild: true
    dev: true
    optional: true

  /@esbuild/android-x64/0.19.7:
    resolution: {integrity: sha512-jhINx8DEjz68cChFvM72YzrqfwJuFbfvSxZAk4bebpngGfNNRm+zRl4rtT9oAX6N9b6gBcFaJHFew5Blf6CvUw==}
    engines: {node: '>=12'}
    cpu: [x64]
    os: [android]
    requiresBuild: true
    dev: true
    optional: true

  /@esbuild/darwin-arm64/0.19.7:
    resolution: {integrity: sha512-dr81gbmWN//3ZnBIm6YNCl4p3pjnabg1/ZVOgz2fJoUO1a3mq9WQ/1iuEluMs7mCL+Zwv7AY5e3g1hjXqQZ9Iw==}
    engines: {node: '>=12'}
    cpu: [arm64]
    os: [darwin]
    requiresBuild: true
    dev: true
    optional: true

  /@esbuild/darwin-x64/0.19.7:
    resolution: {integrity: sha512-Lc0q5HouGlzQEwLkgEKnWcSazqr9l9OdV2HhVasWJzLKeOt0PLhHaUHuzb8s/UIya38DJDoUm74GToZ6Wc7NGQ==}
    engines: {node: '>=12'}
    cpu: [x64]
    os: [darwin]
    requiresBuild: true
    dev: true
    optional: true

  /@esbuild/freebsd-arm64/0.19.7:
    resolution: {integrity: sha512-+y2YsUr0CxDFF7GWiegWjGtTUF6gac2zFasfFkRJPkMAuMy9O7+2EH550VlqVdpEEchWMynkdhC9ZjtnMiHImQ==}
    engines: {node: '>=12'}
    cpu: [arm64]
    os: [freebsd]
    requiresBuild: true
    dev: true
    optional: true

  /@esbuild/freebsd-x64/0.19.7:
    resolution: {integrity: sha512-CdXOxIbIzPJmJhrpmJTLx+o35NoiKBIgOvmvT+jeSadYiWJn0vFKsl+0bSG/5lwjNHoIDEyMYc/GAPR9jxusTA==}
    engines: {node: '>=12'}
    cpu: [x64]
    os: [freebsd]
    requiresBuild: true
    dev: true
    optional: true

  /@esbuild/linux-arm/0.19.7:
    resolution: {integrity: sha512-Y+SCmWxsJOdQtjcBxoacn/pGW9HDZpwsoof0ttL+2vGcHokFlfqV666JpfLCSP2xLxFpF1lj7T3Ox3sr95YXww==}
    engines: {node: '>=12'}
    cpu: [arm]
    os: [linux]
    requiresBuild: true
    dev: true
    optional: true

  /@esbuild/linux-arm64/0.19.7:
    resolution: {integrity: sha512-inHqdOVCkUhHNvuQPT1oCB7cWz9qQ/Cz46xmVe0b7UXcuIJU3166aqSunsqkgSGMtUCWOZw3+KMwI6otINuC9g==}
    engines: {node: '>=12'}
    cpu: [arm64]
    os: [linux]
    requiresBuild: true
    dev: true
    optional: true

  /@esbuild/linux-ia32/0.19.7:
    resolution: {integrity: sha512-2BbiL7nLS5ZO96bxTQkdO0euGZIUQEUXMTrqLxKUmk/Y5pmrWU84f+CMJpM8+EHaBPfFSPnomEaQiG/+Gmh61g==}
    engines: {node: '>=12'}
    cpu: [ia32]
    os: [linux]
    requiresBuild: true
    dev: true
    optional: true

  /@esbuild/linux-loong64/0.19.7:
    resolution: {integrity: sha512-BVFQla72KXv3yyTFCQXF7MORvpTo4uTA8FVFgmwVrqbB/4DsBFWilUm1i2Oq6zN36DOZKSVUTb16jbjedhfSHw==}
    engines: {node: '>=12'}
    cpu: [loong64]
    os: [linux]
    requiresBuild: true
    dev: true
    optional: true

  /@esbuild/linux-mips64el/0.19.7:
    resolution: {integrity: sha512-DzAYckIaK+pS31Q/rGpvUKu7M+5/t+jI+cdleDgUwbU7KdG2eC3SUbZHlo6Q4P1CfVKZ1lUERRFP8+q0ob9i2w==}
    engines: {node: '>=12'}
    cpu: [mips64el]
    os: [linux]
    requiresBuild: true
    dev: true
    optional: true

  /@esbuild/linux-ppc64/0.19.7:
    resolution: {integrity: sha512-JQ1p0SmUteNdUaaiRtyS59GkkfTW0Edo+e0O2sihnY4FoZLz5glpWUQEKMSzMhA430ctkylkS7+vn8ziuhUugQ==}
    engines: {node: '>=12'}
    cpu: [ppc64]
    os: [linux]
    requiresBuild: true
    dev: true
    optional: true

  /@esbuild/linux-riscv64/0.19.7:
    resolution: {integrity: sha512-xGwVJ7eGhkprY/nB7L7MXysHduqjpzUl40+XoYDGC4UPLbnG+gsyS1wQPJ9lFPcxYAaDXbdRXd1ACs9AE9lxuw==}
    engines: {node: '>=12'}
    cpu: [riscv64]
    os: [linux]
    requiresBuild: true
    dev: true
    optional: true

  /@esbuild/linux-s390x/0.19.7:
    resolution: {integrity: sha512-U8Rhki5PVU0L0nvk+E8FjkV8r4Lh4hVEb9duR6Zl21eIEYEwXz8RScj4LZWA2i3V70V4UHVgiqMpszXvG0Yqhg==}
    engines: {node: '>=12'}
    cpu: [s390x]
    os: [linux]
    requiresBuild: true
    dev: true
    optional: true

  /@esbuild/linux-x64/0.19.7:
    resolution: {integrity: sha512-ZYZopyLhm4mcoZXjFt25itRlocKlcazDVkB4AhioiL9hOWhDldU9n38g62fhOI4Pth6vp+Mrd5rFKxD0/S+7aQ==}
    engines: {node: '>=12'}
    cpu: [x64]
    os: [linux]
    requiresBuild: true
    dev: true
    optional: true

  /@esbuild/netbsd-x64/0.19.7:
    resolution: {integrity: sha512-/yfjlsYmT1O3cum3J6cmGG16Fd5tqKMcg5D+sBYLaOQExheAJhqr8xOAEIuLo8JYkevmjM5zFD9rVs3VBcsjtQ==}
    engines: {node: '>=12'}
    cpu: [x64]
    os: [netbsd]
    requiresBuild: true
    dev: true
    optional: true

  /@esbuild/openbsd-x64/0.19.7:
    resolution: {integrity: sha512-MYDFyV0EW1cTP46IgUJ38OnEY5TaXxjoDmwiTXPjezahQgZd+j3T55Ht8/Q9YXBM0+T9HJygrSRGV5QNF/YVDQ==}
    engines: {node: '>=12'}
    cpu: [x64]
    os: [openbsd]
    requiresBuild: true
    dev: true
    optional: true

  /@esbuild/sunos-x64/0.19.7:
    resolution: {integrity: sha512-JcPvgzf2NN/y6X3UUSqP6jSS06V0DZAV/8q0PjsZyGSXsIGcG110XsdmuWiHM+pno7/mJF6fjH5/vhUz/vA9fw==}
    engines: {node: '>=12'}
    cpu: [x64]
    os: [sunos]
    requiresBuild: true
    dev: true
    optional: true

  /@esbuild/win32-arm64/0.19.7:
    resolution: {integrity: sha512-ZA0KSYti5w5toax5FpmfcAgu3ZNJxYSRm0AW/Dao5up0YV1hDVof1NvwLomjEN+3/GMtaWDI+CIyJOMTRSTdMw==}
    engines: {node: '>=12'}
    cpu: [arm64]
    os: [win32]
    requiresBuild: true
    dev: true
    optional: true

  /@esbuild/win32-ia32/0.19.7:
    resolution: {integrity: sha512-CTOnijBKc5Jpk6/W9hQMMvJnsSYRYgveN6O75DTACCY18RA2nqka8dTZR+x/JqXCRiKk84+5+bRKXUSbbwsS0A==}
    engines: {node: '>=12'}
    cpu: [ia32]
    os: [win32]
    requiresBuild: true
    dev: true
    optional: true

  /@esbuild/win32-x64/0.19.7:
    resolution: {integrity: sha512-gRaP2sk6hc98N734luX4VpF318l3w+ofrtTu9j5L8EQXF+FzQKV6alCOHMVoJJHvVK/mGbwBXfOL1HETQu9IGQ==}
    engines: {node: '>=12'}
    cpu: [x64]
    os: [win32]
    requiresBuild: true
    dev: true
    optional: true

  /@fastify/busboy/2.1.0:
    resolution: {integrity: sha512-+KpH+QxZU7O4675t3mnkQKcZZg56u+K/Ct2K+N2AZYNVK8kyeo/bI18tI8aPm3tvNNRyTWfj6s5tnGNlcbQRsA==}
    engines: {node: '>=14'}
    dev: false

  /@opentelemetry/api/1.7.0:
    resolution: {integrity: sha512-AdY5wvN0P2vXBi3b29hxZgSFvdhdxPB9+f0B6s//P9Q8nibRWeA3cHm8UmLpio9ABigkVHJ5NMPk+Mz8VCCyrw==}
    engines: {node: '>=8.0.0'}
    dev: false

  /@substreams/core/0.1.19:
    resolution: {integrity: sha512-GEEkhJb1XUkBvlRzlA7JOXJnS5XmKO4C6ZPz2djxKkRr98EEWH2C1EGCiK/vBYt2trsOVnq/fYizaqRl6vXW5Q==}
    dependencies:
      '@bufbuild/connect': 0.12.0_@bufbuild+protobuf@1.4.2
      '@bufbuild/protobuf': 1.4.2
    dev: false

  /@substreams/core/0.6.2:
    resolution: {integrity: sha512-YvaWPGleSDCbBUR06fKFIOZ37ttNXjQR86dioGkdM2SdBhT5kAjSWN5/GyD1mCeWStMRXjJZIF/qqS/NitIquQ==}
    peerDependencies:
      '@bufbuild/protobuf': ^1.4.1
      '@connectrpc/connect': ^1.1.3
    dev: false

  /@substreams/core/0.8.0:
    resolution: {integrity: sha512-wY3LJr5CR5wP+Rv8fMuKwHnXDwc/m3DJVdIZemRlkGIM1ekWHlgen5Ml2NI5SDzQdKr7QUNQiT7YbuytcdUs3Q==}
    peerDependencies:
      '@bufbuild/protobuf': ^1.4.2
      '@connectrpc/connect': ^1.1.3
    dev: false

  /@substreams/manifest/0.5.1_ahljyljorygtkwayn2ohjn67ui:
    resolution: {integrity: sha512-M14qceuGUjqQRtLqFzpMI2ZCkBC10n7bREN+uhSFNN+S5IKDUzBVGPe6KYE1or+UI704VpbDvjLX5B3lsTLFjQ==}
    peerDependencies:
      '@bufbuild/buf': ^1.27.2
      '@bufbuild/protobuf': ^1.4.1
      '@effect/schema': ^0.46.3
      effect: ^2.0.0-next.52
      yaml: ^2.3.3
    dependencies:
      '@effect/schema': 0.48.4_effect@2.0.0-next.56
      '@substreams/core': 0.6.2
      effect: 2.0.0-next.56
    transitivePeerDependencies:
      - '@connectrpc/connect'
    dev: false

  /@substreams/node/0.3.0:
    resolution: {integrity: sha512-vefRR40IESJbxOyx4OlWia0+lJM+sbOft+kOyF0yZd02dDfFta9y4wItYBKVrlFdeHlRUlx6w7PdiykjsVW9qA==}
    engines: {node: '>=16'}
    dependencies:
      '@bufbuild/connect': 0.13.0_@bufbuild+protobuf@1.4.2
      '@bufbuild/connect-node': 0.13.0_@bufbuild+protobuf@1.4.2
      '@bufbuild/protobuf': 1.4.2
      '@substreams/core': 0.1.19
      eventemitter3: 5.0.1
    dev: false

  /@substreams/sink/0.6.0_effect@2.0.0-next.56:
    resolution: {integrity: sha512-km25ZLj/Hb3TVYZTW7KtYpSZU8+6rhhLHhhZZhu/nWnuwBw4iefPlTXEsTAOTTCSSAB9UXa2C7xx/U7UH8ok6Q==}
    peerDependencies:
      '@bufbuild/protobuf': ^1.4.2
      '@connectrpc/connect': ^1.1.3
      effect: 2.0.0-next.55
    dependencies:
      '@substreams/core': 0.8.0
      effect: 2.0.0-next.56
    dev: false

  /@tsconfig/recommended/1.0.3:
    resolution: {integrity: sha512-+jby/Guq9H8O7NWgCv6X8VAiQE8Dr/nccsCtL74xyHKhu2Knu5EAKmOZj3nLCnLm1KooUzKY+5DsnGVqhM8/wQ==}
    dev: true

  /@types/node/20.9.3:
    resolution: {integrity: sha512-nk5wXLAXGBKfrhLB0cyHGbSqopS+nz0BUgZkUQqSHSSgdee0kssp1IAqlQOu333bW+gMNs2QREx7iynm19Abxw==}
    dependencies:
      undici-types: 5.26.5
    dev: true

  /bintrees/1.0.2:
    resolution: {integrity: sha1-SfiW1uhYpKSZ34XDj7OZua/4QPg=}
    dev: false

  /buffer-writer/2.0.0:
    resolution: {integrity: sha512-a7ZpuTZU1TRtnwyCNW3I5dc0wWNC3VR9S++Ewyk2HHZdrO3CQJqSpd+95Us590V6AL7JqUAH2IwZ/398PmNFgw==}
    engines: {node: '>=4'}
    dev: false

  /commander/11.1.0:
    resolution: {integrity: sha512-yPVavfyCcRhmorC7rWlkHn15b4wDVgVmBA7kV4QVBsF7kv/9TKJAbAXVTxvTnwP8HHKjRCJDClKbciiYS7p0DQ==}
    engines: {node: '>=16'}
    dev: false

  /cross-spawn/7.0.3:
    resolution: {integrity: sha512-iRDPJKUPVEND7dHPO8rkbOnPpyDygcDFtWjpeWNCgy8WP2rXcxXL8TskReQl6OrB2G7+UJrags1q15Fudc7G6w==}
    engines: {node: '>= 8'}
    dependencies:
      path-key: 3.1.1
      shebang-command: 2.0.0
      which: 2.0.2
    dev: true

  /data-uri-to-buffer/4.0.1:
    resolution: {integrity: sha512-0R9ikRb668HB7QDxT1vkpuUBtqc53YyAwMwGeUFKRojY/NWKvdZ+9UYtRfGmhqNbRkTSVpMbmyhXipFFv2cb/A==}
    engines: {node: '>= 12'}
    dev: false

  /dotenv-cli/7.3.0:
    resolution: {integrity: sha512-314CA4TyK34YEJ6ntBf80eUY+t1XaFLyem1k9P0sX1gn30qThZ5qZr/ZwE318gEnzyYP9yj9HJk6SqwE0upkfw==}
    hasBin: true
    dependencies:
      cross-spawn: 7.0.3
      dotenv: 16.3.1
      dotenv-expand: 10.0.0
      minimist: 1.2.8
    dev: true

  /dotenv-expand/10.0.0:
    resolution: {integrity: sha512-GopVGCpVS1UKH75VKHGuQFqS1Gusej0z4FyQkPdwjil2gNIv+LNsqBlboOzpJFZKVT95GkCyWJbBSdFEFUWI2A==}
    engines: {node: '>=12'}
    dev: true

  /dotenv/16.3.1:
    resolution: {integrity: sha512-IPzF4w4/Rd94bA9imS68tZBaYyBWSCE47V1RGuMrB94iyTOIEwRmVL2x/4An+6mETpLrKJ5hQkB8W4kFAadeIQ==}
    engines: {node: '>=12'}

  /effect/2.0.0-next.56:
    resolution: {integrity: sha512-Z6L9rf78OveZorl4pC82hUM/kNhQ8epChuCBVNIjVsookbb6iqTuP9goi3qi6CR7xUZE+HnOKF2bzMIdOOP+Vw==}
    dev: false

  /esbuild/0.19.7:
    resolution: {integrity: sha512-6brbTZVqxhqgbpqBR5MzErImcpA0SQdoKOkcWK/U30HtQxnokIpG3TX2r0IJqbFUzqLjhU/zC1S5ndgakObVCQ==}
    engines: {node: '>=12'}
    hasBin: true
    requiresBuild: true
    optionalDependencies:
      '@esbuild/android-arm': 0.19.7
      '@esbuild/android-arm64': 0.19.7
      '@esbuild/android-x64': 0.19.7
      '@esbuild/darwin-arm64': 0.19.7
      '@esbuild/darwin-x64': 0.19.7
      '@esbuild/freebsd-arm64': 0.19.7
      '@esbuild/freebsd-x64': 0.19.7
      '@esbuild/linux-arm': 0.19.7
      '@esbuild/linux-arm64': 0.19.7
      '@esbuild/linux-ia32': 0.19.7
      '@esbuild/linux-loong64': 0.19.7
      '@esbuild/linux-mips64el': 0.19.7
      '@esbuild/linux-ppc64': 0.19.7
      '@esbuild/linux-riscv64': 0.19.7
      '@esbuild/linux-s390x': 0.19.7
      '@esbuild/linux-x64': 0.19.7
      '@esbuild/netbsd-x64': 0.19.7
      '@esbuild/openbsd-x64': 0.19.7
      '@esbuild/sunos-x64': 0.19.7
      '@esbuild/win32-arm64': 0.19.7
      '@esbuild/win32-ia32': 0.19.7
      '@esbuild/win32-x64': 0.19.7
    dev: true

  /eventemitter3/5.0.1:
    resolution: {integrity: sha512-GWkBvjiSZK87ELrYOSESUYeVIc9mvLLf/nXalMOS5dYrgZq9o5OVkbZAVM06CVxYsCwH9BDZFPlQTlPA1j4ahA==}
    dev: false

  /fast-decode-uri-component/1.0.1:
    resolution: {integrity: sha512-WKgKWg5eUxvRZGwW8FvfbaH7AXSh2cL+3j5fMGzUMCxWBJ3dV3a7Wz8y2f/uQ0e3B6WmodD3oS54jTQ9HVTIIg==}
    dev: false

  /fast-deep-equal/3.1.3:
    resolution: {integrity: sha512-f3qQ9oQy9j2AhBe/H9VC91wLmKBCCU/gDOnKNAYG5hswO7BLKj09Hc5HYNz9cGI++xlpDCIgDaitVs03ATR84Q==}
    dev: false

  /fast-querystring/1.1.2:
    resolution: {integrity: sha512-g6KuKWmFXc0fID8WWH0jit4g0AGBoJhCkJMb1RmbsSEUNvQ+ZC8D6CUZ+GtF8nMzSPXnhiePyyqqipzNNEnHjg==}
    dependencies:
      fast-decode-uri-component: 1.0.1
    dev: false

  /fetch-blob/3.2.0:
    resolution: {integrity: sha512-7yAQpD2UMJzLi1Dqv7qFYnPbaPx7ZfFK6PiIxQ4PfkGPyNyl2Ugx+a/umUonmKqjhM4DnfbMvdX6otXq83soQQ==}
    engines: {node: ^12.20 || >= 14.13}
    dependencies:
      node-domexception: 1.0.0
      web-streams-polyfill: 3.2.1
    dev: false

  /fetch-retry/5.0.6:
    resolution: {integrity: sha512-3yurQZ2hD9VISAhJJP9bpYFNQrHHBXE2JxxjY5aLEcDi46RmAzJE2OC9FAde0yis5ElW0jTTzs0zfg/Cca4XqQ==}
    dev: false

  /find-my-way/7.7.0:
    resolution: {integrity: sha512-+SrHpvQ52Q6W9f3wJoJBbAQULJuNEEQwBvlvYwACDhBTLOTMiQ0HYWh4+vC3OivGP2ENcTI1oKlFA2OepJNjhQ==}
    engines: {node: '>=14'}
    dependencies:
      fast-deep-equal: 3.1.3
      fast-querystring: 1.1.2
      safe-regex2: 2.0.0
    dev: false

  /formdata-polyfill/4.0.10:
    resolution: {integrity: sha512-buewHzMvYL29jdeQTVILecSaZKnt/RJWjoZCF5OW60Z67/GmSLBkOFM7qh1PI3zFNtJbaZL5eQu1vLfazOwj4g==}
    engines: {node: '>=12.20.0'}
    dependencies:
      fetch-blob: 3.2.0
    dev: false

  /headers-polyfill/3.3.0:
    resolution: {integrity: sha512-5e57etwBpNcDc0b6KCVWEh/Ro063OxPvzVimUdM0/tsYM/T7Hfy3kknIGj78SFTOhNd8AZY41U8mOHoO4LzmIQ==}
    dev: false

  /isexe/2.0.0:
    resolution: {integrity: sha512-RHxMLp9lnKHGHRng9QFhRCMbYAcVpn69smSGcq3f36xjgVVWThj4qqLbTLlq7Ssj8B+fIQ1EuCEGI2lKsyQeIw==}
    dev: true

  /mime/3.0.0:
    resolution: {integrity: sha512-jSCU7/VB1loIWBZe14aEYHU/+1UMEHoaO7qxCOVJOw9GgH72VAWppxNcjU+x9a2k3GSIBXNKxXQFqRvvZ7vr3A==}
    engines: {node: '>=10.0.0'}
    hasBin: true
    dev: false

  /minimist/1.2.8:
    resolution: {integrity: sha512-2yyAR8qBkN3YuheJanUpWC5U3bb5osDywNB8RzDVlDwDHbocAJveqqj1u8+SVD7jkWT4yvsHCpWqqWqAxb0zCA==}
    dev: true

  /multipasta/0.1.19:
    resolution: {integrity: sha512-vRQ17a7eQRImx/vS4PcJlDDuzzCT5nigItgDFNT/db9NiVEiscdkUWbUg3cHrv2x0oznNu5YNO+NBo5Z2rBL+w==}
    dev: false

  /node-domexception/1.0.0:
    resolution: {integrity: sha512-/jKZoMpw0F8GRwl4/eLROPA3cfcXtLApP0QzLmUT/HuPCZWyB7IY9ZrMeKw2O/nFIqPQB3PVM9aYm0F312AXDQ==}
    engines: {node: '>=10.5.0'}
    dev: false

  /node-fetch/3.3.2:
    resolution: {integrity: sha512-dRB78srN/l6gqWulah9SrxeYnxeddIG30+GOqK/9OlLVyLg3HPnr6SqOWTWOXKRwC2eGYCkZ59NNuSgvSrpgOA==}
    engines: {node: ^12.20.0 || ^14.13.1 || >=16.0.0}
    dependencies:
      data-uri-to-buffer: 4.0.1
      fetch-blob: 3.2.0
      formdata-polyfill: 4.0.10
    dev: false

  /packet-reader/1.0.0:
    resolution: {integrity: sha512-HAKu/fG3HpHFO0AA8WE8q2g+gBJaZ9MG7fcKk+IJPLTGAD6Psw4443l+9DGRbOIh3/aXr7Phy0TjilYivJo5XQ==}
    dev: false

  /path-browserify/1.0.1:
    resolution: {integrity: sha512-b7uo2UCUOYZcnF/3ID0lulOJi/bafxa1xPe7ZPsammBSpjSWQkjNxlt635YGS2MiR9GjvuXCtz2emr3jbsz98g==}
    dev: false

  /path-key/3.1.1:
    resolution: {integrity: sha512-ojmeN0qd+y0jszEtoY48r0Peq5dwMEkIlCOu6Q5f41lfkswXuKtYrhgoTpLnyIcHm24Uhqx+5Tqm2InSwLhE6Q==}
    engines: {node: '>=8'}
    dev: true

  /pg-cloudflare/1.1.1:
    resolution: {integrity: sha512-xWPagP/4B6BgFO+EKz3JONXv3YDgvkbVrGw2mTo3D6tVDQRh1e7cqVGvyR3BE+eQgAvx1XhW/iEASj4/jCWl3Q==}
    requiresBuild: true
    dev: false
    optional: true

  /pg-connection-string/2.6.2:
    resolution: {integrity: sha512-ch6OwaeaPYcova4kKZ15sbJ2hKb/VP48ZD2gE7i1J+L4MspCtBMAx8nMgz7bksc7IojCIIWuEhHibSMFH8m8oA==}
    dev: false

  /pg-cursor/2.10.3_pg@8.11.3:
    resolution: {integrity: sha512-rDyBVoqPVnx/PTmnwQAYgusSeAKlTL++gmpf5klVK+mYMFEqsOc6VHHZnPKc/4lOvr4r6fiMuoxSFuBF1dx4FQ==}
    peerDependencies:
      pg: ^8
    dependencies:
      pg: 8.11.3
    dev: false

  /pg-int8/1.0.1:
    resolution: {integrity: sha512-WCtabS6t3c8SkpDBUlb1kjOs7l66xsGdKpIPZsg4wR+B3+u9UAum2odSsF9tnvxg80h4ZxLWMy4pRjOsFIqQpw==}
    engines: {node: '>=4.0.0'}
    dev: false

  /pg-pool/3.6.1_pg@8.11.3:
    resolution: {integrity: sha512-jizsIzhkIitxCGfPRzJn1ZdcosIt3pz9Sh3V01fm1vZnbnCMgmGl5wvGGdNN2EL9Rmb0EcFoCkixH4Pu+sP9Og==}
    peerDependencies:
      pg: '>=8.0'
    dependencies:
      pg: 8.11.3
    dev: false

  /pg-protocol/1.6.0:
    resolution: {integrity: sha512-M+PDm637OY5WM307051+bsDia5Xej6d9IR4GwJse1qA1DIhiKlksvrneZOYQq42OM+spubpcNYEo2FcKQrDk+Q==}
    dev: false

  /pg-types/2.2.0:
    resolution: {integrity: sha512-qTAAlrEsl8s4OiEQY69wDvcMIdQN6wdz5ojQiOy6YRMuynxenON0O5oCpJI6lshc6scgAY8qvJ2On/p+CXY0GA==}
    engines: {node: '>=4'}
    dependencies:
      pg-int8: 1.0.1
      postgres-array: 2.0.0
      postgres-bytea: 1.0.0
      postgres-date: 1.0.7
      postgres-interval: 1.2.0
    dev: false

  /pg/8.11.3:
    resolution: {integrity: sha512-+9iuvG8QfaaUrrph+kpF24cXkH1YOOUeArRNYIxq1viYHZagBxrTno7cecY1Fa44tJeZvaoG+Djpkc3JwehN5g==}
    engines: {node: '>= 8.0.0'}
    peerDependencies:
      pg-native: '>=3.0.1'
    peerDependenciesMeta:
      pg-native:
        optional: true
    dependencies:
      buffer-writer: 2.0.0
      packet-reader: 1.0.0
      pg-connection-string: 2.6.2
      pg-pool: 3.6.1_pg@8.11.3
      pg-protocol: 1.6.0
      pg-types: 2.2.0
      pgpass: 1.0.5
    optionalDependencies:
      pg-cloudflare: 1.1.1
    dev: false

  /pgpass/1.0.5:
    resolution: {integrity: sha512-FdW9r/jQZhSeohs1Z3sI1yxFQNFvMcnmfuj4WBMUTxOrAyLMaTcE1aAMBiTlbMNaXvBCQuVi0R7hd8udDSP7ug==}
    dependencies:
      split2: 4.2.0
    dev: false

  /postgres-array/2.0.0:
    resolution: {integrity: sha512-VpZrUqU5A69eQyW2c5CA1jtLecCsN2U/bD6VilrFDWq5+5UIEVO7nazS3TEcHf1zuPYO/sqGvUvW62g86RXZuA==}
    engines: {node: '>=4'}
    dev: false

  /postgres-bytea/1.0.0:
    resolution: {integrity: sha512-xy3pmLuQqRBZBXDULy7KbaitYqLcmxigw14Q5sj8QBVLqEwXfeybIKVWiqAXTlcvdvb0+xkOtDbfQMOf4lST1w==}
    engines: {node: '>=0.10.0'}
    dev: false

  /postgres-date/1.0.7:
    resolution: {integrity: sha512-suDmjLVQg78nMK2UZ454hAG+OAW+HQPZ6n++TNDUX+L0+uUlLywnoxJKDou51Zm+zTCjrCl0Nq6J9C5hP9vK/Q==}
    engines: {node: '>=0.10.0'}
    dev: false

  /postgres-interval/1.2.0:
    resolution: {integrity: sha512-9ZhXKM/rw350N1ovuWHbGxnGh/SNJ4cnxHiM0rxE4VN41wsg8P8zWn9hv/buK00RP4WvlOyr/RBDiptyxVbkZQ==}
    engines: {node: '>=0.10.0'}
    dependencies:
      xtend: 4.0.2
    dev: false

  /prom-client/15.0.0:
    resolution: {integrity: sha512-UocpgIrKyA2TKLVZDSfm8rGkL13C19YrQBAiG3xo3aDFWcHedxRxI3z+cIcucoxpSO0h5lff5iv/SXoxyeopeA==}
    engines: {node: ^16 || ^18 || >=20}
    dependencies:
      '@opentelemetry/api': 1.7.0
      tdigest: 0.1.2
    dev: false

  /ret/0.2.2:
    resolution: {integrity: sha512-M0b3YWQs7R3Z917WRQy1HHA7Ba7D8hvZg6UE5mLykJxQVE2ju0IXbGlaHPPlkY+WN7wFP+wUMXmBFA0aV6vYGQ==}
    engines: {node: '>=4'}
    dev: false

  /safe-regex2/2.0.0:
    resolution: {integrity: sha512-PaUSFsUaNNuKwkBijoAPHAK6/eM6VirvyPWlZ7BAQy4D+hCvh4B6lIG+nPdhbFfIbP+gTGBcrdsOaUs0F+ZBOQ==}
    dependencies:
      ret: 0.2.2
    dev: false

  /shebang-command/2.0.0:
    resolution: {integrity: sha512-kHxr2zZpYtdmrN1qDjrrX/Z1rR1kG8Dx+gkpK1G4eXmvXswmcE1hTWBWYUzlraYw1/yZp6YuDY77YtvbN0dmDA==}
    engines: {node: '>=8'}
    dependencies:
      shebang-regex: 3.0.0
    dev: true

  /shebang-regex/3.0.0:
    resolution: {integrity: sha512-7++dFhtcx3353uBaq8DDR4NuxBetBzC7ZQOhmTQInHEd6bSrXdiEyzCvG07Z44UYdLShWUyXt5M/yhz8ekcb1A==}
    engines: {node: '>=8'}
    dev: true

  /split2/4.2.0:
    resolution: {integrity: sha512-UcjcJOWknrNkF6PLX83qcHM6KHgVKNkV62Y8a5uYDVv9ydGQVwAHMKqHdJje1VTWpljG0WYpCDhrCdAOYH4TWg==}
    engines: {node: '>= 10.x'}
    dev: false

  /tdigest/0.1.2:
    resolution: {integrity: sha512-+G0LLgjjo9BZX2MfdvPfH+MKLCrxlXSYec5DaPYP1fe6Iyhf0/fSmJ0bFiZ1F8BT6cGXl2LpltQptzjXKWEkKA==}
    dependencies:
      bintrees: 1.0.2
    dev: false

  /tslog/4.9.2:
    resolution: {integrity: sha512-wBM+LRJoNl34Bdu8mYEFxpvmOUedpNUwMNQB/NcuPIZKwdDde6xLHUev3bBjXQU7gdurX++X/YE7gLH8eXYsiQ==}
    engines: {node: '>=16'}
    dev: false

  /typescript/5.3.2:
    resolution: {integrity: sha512-6l+RyNy7oAHDfxC4FzSJcz9vnjTKxrLpDG5M2Vu4SHRVNg6xzqZp6LYSR9zjqQTu8DU/f5xwxUdADOkbrIX2gQ==}
    engines: {node: '>=14.17'}
    hasBin: true

  /undici-types/5.26.5:
    resolution: {integrity: sha512-JlCMO+ehdEIKqlFxk6IfVoAUVmgz7cU7zD/h9XZ0qzeosSHmUJVOzSQvvYSYWXkFXC+IfLKSIffhv0sVZup6pA==}
    dev: true

  /undici/5.27.2:
    resolution: {integrity: sha512-iS857PdOEy/y3wlM3yRp+6SNQQ6xU0mmZcwRSriqk+et/cwWAtwmIGf6WkoDN2EK/AMdCO/dfXzIwi+rFMrjjQ==}
    engines: {node: '>=14.0'}
    dependencies:
      '@fastify/busboy': 2.1.0
    dev: false

  /web-streams-polyfill/3.2.1:
    resolution: {integrity: sha512-e0MO3wdXWKrLbL0DgGnUV7WHVuw9OUvL4hjgnPkIeEvESk74gAITi5G606JtZPp39cd8HA9VQzCIvA49LpPN5Q==}
    engines: {node: '>= 8'}
    dev: false

  /which/2.0.2:
    resolution: {integrity: sha512-BLI3Tl1TW3Pvl70l3yq3Y64i+awpwXqsGBYWkkqMtnbXgrMD+yj7rhW0kuEDxzJaYXGjEW5ogapKNMEKNMjibA==}
    engines: {node: '>= 8'}
    hasBin: true
    dependencies:
      isexe: 2.0.0
    dev: true

  /xtend/4.0.2:
    resolution: {integrity: sha512-LKYU1iAXJXUgAXn9URjiu+MWhyUXHsvfp7mcuYm9dSUKK0/CjtrUwFAxD82/mCWbtLsGjFIad0wIsod4zrTAEQ==}
    engines: {node: '>=0.4'}
    dev: false

  /zapatos/6.2.0_pg@8.11.3+typescript@5.3.2:
    resolution: {integrity: sha512-EItSiKJj02GTYzGqCj+qh0waeezqHBZxYWRPVFYY0tiIuxARF/Z/cenkl1b9nd0rJH1mKtF0vzcyHnOBAqbEWg==}
    hasBin: true
    requiresBuild: true
    peerDependencies:
      '@types/pg': '>=7.14.3'
      pg: '>=7.18.2'
      typescript: '>=4.1'
    dependencies:
      pg: 8.11.3
      typescript: 5.3.2
    dev: false

  /zod/3.22.4:
    resolution: {integrity: sha512-iC+8Io04lddc+mVqQ9AZ7OQ2MrUKGN+oIQyq1vemgt46jwCwLfhq7/pwnBnNXXXZb8VTVLKwp9EDkx+ryxIWmg==}
    dev: false
